
Microsoft Visual Studio Solution File, Format Version 12.00
# Visual Studio Version 16
VisualStudioVersion = 16.0.29519.87
MinimumVisualStudioVersion = 10.0.40219.1
Project("{F184B08F-C81C-45F6-A57F-5ABD9991F28F}") = "prjCntctMngmnt", "prjCntctMngmnt.vbproj", "{AAFCA239-FE93-40DD-ACEF-BF31C5582821}"
EndProject
Global
	GlobalSection(SolutionConfigurationPlatforms) = preSolution
		Debug|Any CPU = Debug|Any CPU
		Debug|x64 = Debug|x64
		Release|Any CPU = Release|Any CPU
		Release|x64 = Release|x64
	EndGlobalSection
	GlobalSection(ProjectConfigurationPlatforms) = postSolution
		{AAFCA239-FE93-40DD-ACEF-BF31C5582821}.Debug|Any CPU.ActiveCfg = Debug|Any CPU
		{AAFCA239-FE93-40DD-ACEF-BF31C5582821}.Debug|Any CPU.Build.0 = Debug|Any CPU
		{AAFCA239-FE93-40DD-ACEF-BF31C5582821}.Debug|x64.ActiveCfg = Debug|x64
		{AAFCA239-FE93-40DD-ACEF-BF31C5582821}.Debug|x64.Build.0 = Debug|x64
		{AAFCA239-FE93-40DD-ACEF-BF31C5582821}.Release|Any CPU.ActiveCfg = Release|Any CPU
		{AAFCA239-FE93-40DD-ACEF-BF31C5582821}.Release|Any CPU.Build.0 = Release|Any CPU
		{AAFCA239-FE93-40DD-ACEF-BF31C5582821}.Release|x64.ActiveCfg = Release|x64
		{AAFCA239-FE93-40DD-ACEF-BF31C5582821}.Release|x64.Build.0 = Release|x64
	EndGlobalSection
	GlobalSection(SolutionProperties) = preSolution
		HideSolutionNode = FALSE
	EndGlobalSection
	GlobalSection(ExtensibilityGlobals) = postSolution
		SolutionGuid = {1A223D96-9D4E-4D4B-A946-373CA5DC5B4F}
	EndGlobalSection
EndGlobal
